
Microsoft Visual Studio Solution File, Format Version 12.00
# Visual Studio Version 16
VisualStudioVersion = 16.0.28803.352
MinimumVisualStudioVersion = 10.0.40219.1
Project("{FAE04EC0-301F-11D3-BF4B-00C04F79EFBC}") = "League Trainer", "League Trainer\League Trainer.csproj", "{0B502CAE-BB39-4BF3-8959-6CBBC84919BC}"
EndProject
Global
	GlobalSection(SolutionConfigurationPlatforms) = preSolution
		Debug|Any CPU = Debug|Any CPU
		Release|Any CPU = Release|Any CPU
	EndGlobalSection
	GlobalSection(ProjectConfigurationPlatforms) = postSolution
		{0B502CAE-BB39-4BF3-8959-6CBBC84919BC}.Debug|Any CPU.ActiveCfg = Debug|Any CPU
		{0B502CAE-BB39-4BF3-8959-6CBBC84919BC}.Debug|Any CPU.Build.0 = Debug|Any CPU
		{0B502CAE-BB39-4BF3-8959-6CBBC84919BC}.Release|Any CPU.ActiveCfg = Release|Any CPU
		{0B502CAE-BB39-4BF3-8959-6CBBC84919BC}.Release|Any CPU.Build.0 = Release|Any CPU
	EndGlobalSection
	GlobalSection(SolutionProperties) = preSolution
		HideSolutionNode = FALSE
	EndGlobalSection
	GlobalSection(ExtensibilityGlobals) = postSolution
		SolutionGuid = {28950963-F4DC-4A7B-9BA5-C26A95F2B378}
	EndGlobalSection
EndGlobal
